
Microsoft Visual Studio Solution File, Format Version 12.00
# Visual Studio 15
VisualStudioVersion = 15.0.28307.1705
MinimumVisualStudioVersion = 10.0.40219.1
Project("{FAE04EC0-301F-11D3-BF4B-00C04F79EFBC}") = "TestFinal", "TestFinal\TestFinal.csproj", "{EC63026B-82EF-4EA4-BB67-777FD6413B23}"
EndProject
Global
	GlobalSection(SolutionConfigurationPlatforms) = preSolution
		Debug|Any CPU = Debug|Any CPU
		Release|Any CPU = Release|Any CPU
	EndGlobalSection
	GlobalSection(ProjectConfigurationPlatforms) = postSolution
		{EC63026B-82EF-4EA4-BB67-777FD6413B23}.Debug|Any CPU.ActiveCfg = Debug|Any CPU
		{EC63026B-82EF-4EA4-BB67-777FD6413B23}.Debug|Any CPU.Build.0 = Debug|Any CPU
		{EC63026B-82EF-4EA4-BB67-777FD6413B23}.Release|Any CPU.ActiveCfg = Release|Any CPU
		{EC63026B-82EF-4EA4-BB67-777FD6413B23}.Release|Any CPU.Build.0 = Release|Any CPU
	EndGlobalSection
	GlobalSection(SolutionProperties) = preSolution
		HideSolutionNode = FALSE
	EndGlobalSection
	GlobalSection(ExtensibilityGlobals) = postSolution
		SolutionGuid = {1367D606-F998-4EC9-B233-ECC4D3083C82}
	EndGlobalSection
EndGlobal
